
Microsoft Visual Studio Solution File, Format Version 12.00
# Visual Studio Version 17
VisualStudioVersion = 17.10.35027.167
MinimumVisualStudioVersion = 10.0.40219.1
Project("{9A19103F-16F7-4668-BE54-9A1E7A4F7556}") = "Entity", "Entity\Entity.csproj", "{FC450420-7B48-40C1-B300-7DC6C812272C}"
EndProject
Project("{9A19103F-16F7-4668-BE54-9A1E7A4F7556}") = "DTO", "DTO\DTO.csproj", "{3DEDDF9C-B9AA-401B-8CB4-382841F787EC}"
EndProject
Project("{9A19103F-16F7-4668-BE54-9A1E7A4F7556}") = "DataAcsessLayer", "DataAcsessLayer\DataAcsessLayer.csproj", "{5DC19BB3-591B-4360-85D0-77944FC31F0E}"
EndProject
Project("{9A19103F-16F7-4668-BE54-9A1E7A4F7556}") = "BusinessLogicLayer", "BusinessLogicLayer\BusinessLogicLayer.csproj", "{E3468C6E-A9EF-4857-8A7D-DAA6B7E27F1A}"
EndProject
Project("{9A19103F-16F7-4668-BE54-9A1E7A4F7556}") = "Validation", "Validation\Validation.csproj", "{7DD98913-638B-4B02-91B1-7FA426047EB8}"
EndProject
Project("{FAE04EC0-301F-11D3-BF4B-00C04F79EFBC}") = "API", "API\API.csproj", "{2348F4A7-95FC-4AFE-9994-538D99952532}"
EndProject
Global
	GlobalSection(SolutionConfigurationPlatforms) = preSolution
		Debug|Any CPU = Debug|Any CPU
		Release|Any CPU = Release|Any CPU
	EndGlobalSection
	GlobalSection(ProjectConfigurationPlatforms) = postSolution
		{FC450420-7B48-40C1-B300-7DC6C812272C}.Debug|Any CPU.ActiveCfg = Debug|Any CPU
		{FC450420-7B48-40C1-B300-7DC6C812272C}.Debug|Any CPU.Build.0 = Debug|Any CPU
		{FC450420-7B48-40C1-B300-7DC6C812272C}.Release|Any CPU.ActiveCfg = Release|Any CPU
		{FC450420-7B48-40C1-B300-7DC6C812272C}.Release|Any CPU.Build.0 = Release|Any CPU
		{3DEDDF9C-B9AA-401B-8CB4-382841F787EC}.Debug|Any CPU.ActiveCfg = Debug|Any CPU
		{3DEDDF9C-B9AA-401B-8CB4-382841F787EC}.Debug|Any CPU.Build.0 = Debug|Any CPU
		{3DEDDF9C-B9AA-401B-8CB4-382841F787EC}.Release|Any CPU.ActiveCfg = Release|Any CPU
		{3DEDDF9C-B9AA-401B-8CB4-382841F787EC}.Release|Any CPU.Build.0 = Release|Any CPU
		{5DC19BB3-591B-4360-85D0-77944FC31F0E}.Debug|Any CPU.ActiveCfg = Debug|Any CPU
		{5DC19BB3-591B-4360-85D0-77944FC31F0E}.Debug|Any CPU.Build.0 = Debug|Any CPU
		{5DC19BB3-591B-4360-85D0-77944FC31F0E}.Release|Any CPU.ActiveCfg = Release|Any CPU
		{5DC19BB3-591B-4360-85D0-77944FC31F0E}.Release|Any CPU.Build.0 = Release|Any CPU
		{E3468C6E-A9EF-4857-8A7D-DAA6B7E27F1A}.Debug|Any CPU.ActiveCfg = Debug|Any CPU
		{E3468C6E-A9EF-4857-8A7D-DAA6B7E27F1A}.Debug|Any CPU.Build.0 = Debug|Any CPU
		{E3468C6E-A9EF-4857-8A7D-DAA6B7E27F1A}.Release|Any CPU.ActiveCfg = Release|Any CPU
		{E3468C6E-A9EF-4857-8A7D-DAA6B7E27F1A}.Release|Any CPU.Build.0 = Release|Any CPU
		{7DD98913-638B-4B02-91B1-7FA426047EB8}.Debug|Any CPU.ActiveCfg = Debug|Any CPU
		{7DD98913-638B-4B02-91B1-7FA426047EB8}.Debug|Any CPU.Build.0 = Debug|Any CPU
		{7DD98913-638B-4B02-91B1-7FA426047EB8}.Release|Any CPU.ActiveCfg = Release|Any CPU
		{7DD98913-638B-4B02-91B1-7FA426047EB8}.Release|Any CPU.Build.0 = Release|Any CPU
		{2348F4A7-95FC-4AFE-9994-538D99952532}.Debug|Any CPU.ActiveCfg = Debug|Any CPU
		{2348F4A7-95FC-4AFE-9994-538D99952532}.Debug|Any CPU.Build.0 = Debug|Any CPU
		{2348F4A7-95FC-4AFE-9994-538D99952532}.Release|Any CPU.ActiveCfg = Release|Any CPU
		{2348F4A7-95FC-4AFE-9994-538D99952532}.Release|Any CPU.Build.0 = Release|Any CPU
	EndGlobalSection
	GlobalSection(SolutionProperties) = preSolution
		HideSolutionNode = FALSE
	EndGlobalSection
	GlobalSection(ExtensibilityGlobals) = postSolution
		SolutionGuid = {1C640E0F-71EC-4971-844D-9453F6844974}
	EndGlobalSection
EndGlobal
